
Microsoft Visual Studio Solution File, Format Version 12.00
# Visual Studio Version 16
VisualStudioVersion = 16.0.31515.178
MinimumVisualStudioVersion = 10.0.40219.1
Project("{9A19103F-16F7-4668-BE54-9A1E7A4F7556}") = "Magnifier 2", "Magnifier 2\Magnifier 2.csproj", "{7F102152-8F2B-4F9C-A867-08C630C08B6F}"
EndProject
Project("{D954291E-2A0B-460D-934E-DC6B0785DB48}") = "Shared", "Shared\Shared.shproj", "{F768C4FA-8F3B-455D-BA39-57CF6CFAABBF}"
EndProject
Project("{FAE04EC0-301F-11D3-BF4B-00C04F79EFBC}") = "Migrator", "Migrator\Migrator.csproj", "{5C912691-B15D-4DAD-8000-4422A7EDEA4E}"
EndProject
Global
	GlobalSection(SharedMSBuildProjectFiles) = preSolution
		Shared\Shared.projitems*{5c912691-b15d-4dad-8000-4422a7edea4e}*SharedItemsImports = 5
		Shared\Shared.projitems*{7f102152-8f2b-4f9c-a867-08c630c08b6f}*SharedItemsImports = 5
		Shared\Shared.projitems*{f768c4fa-8f3b-455d-ba39-57cf6cfaabbf}*SharedItemsImports = 13
	EndGlobalSection
	GlobalSection(SolutionConfigurationPlatforms) = preSolution
		Debug|Any CPU = Debug|Any CPU
		Release|Any CPU = Release|Any CPU
	EndGlobalSection
	GlobalSection(ProjectConfigurationPlatforms) = postSolution
		{7F102152-8F2B-4F9C-A867-08C630C08B6F}.Debug|Any CPU.ActiveCfg = Debug|Any CPU
		{7F102152-8F2B-4F9C-A867-08C630C08B6F}.Debug|Any CPU.Build.0 = Debug|Any CPU
		{7F102152-8F2B-4F9C-A867-08C630C08B6F}.Release|Any CPU.ActiveCfg = Release|Any CPU
		{7F102152-8F2B-4F9C-A867-08C630C08B6F}.Release|Any CPU.Build.0 = Release|Any CPU
		{5C912691-B15D-4DAD-8000-4422A7EDEA4E}.Debug|Any CPU.ActiveCfg = Debug|Any CPU
		{5C912691-B15D-4DAD-8000-4422A7EDEA4E}.Debug|Any CPU.Build.0 = Debug|Any CPU
		{5C912691-B15D-4DAD-8000-4422A7EDEA4E}.Release|Any CPU.ActiveCfg = Release|Any CPU
		{5C912691-B15D-4DAD-8000-4422A7EDEA4E}.Release|Any CPU.Build.0 = Release|Any CPU
	EndGlobalSection
	GlobalSection(SolutionProperties) = preSolution
		HideSolutionNode = FALSE
	EndGlobalSection
	GlobalSection(ExtensibilityGlobals) = postSolution
		SolutionGuid = {090B77E7-7A06-4556-9C27-F19C2C920883}
	EndGlobalSection
EndGlobal
